
Microsoft Visual Studio Solution File, Format Version 12.00
# Visual Studio 15
VisualStudioVersion = 15.0.26127.3
MinimumVisualStudioVersion = 10.0.40219.1
Project("{2150E333-8FDC-42A3-9474-1A3956D46DE8}") = "Core", "Core", "{C1045C36-4BC9-4802-9D7E-B5EDBB662888}"
EndProject
Project("{2150E333-8FDC-42A3-9474-1A3956D46DE8}") = "Front", "Front", "{6C4BE5D7-3646-4BD1-B8B6-68FAE2E9CC0E}"
EndProject
Project("{FAE04EC0-301F-11D3-BF4B-00C04F79EFBC}") = "TVShowTimeApi.Configuration", "TVShowTimeApi.Configuration\TVShowTimeApi.Configuration.csproj", "{FD0E9F1A-5905-4B28-B54C-E714F314EF6A}"
EndProject
Project("{FAE04EC0-301F-11D3-BF4B-00C04F79EFBC}") = "TVShowTimeApi.Model", "TVShowTimeApi.Model\TVShowTimeApi.Model.csproj", "{AC238BA0-7743-483A-BA8C-F29A8176B249}"
EndProject
Project("{FAE04EC0-301F-11D3-BF4B-00C04F79EFBC}") = "TVShowTimeApi.Services", "TVShowTimeApi.Services\TVShowTimeApi.Services.csproj", "{93EC31F6-B7E2-483F-8570-5CCCFD8F6AF0}"
EndProject
Project("{FAE04EC0-301F-11D3-BF4B-00C04F79EFBC}") = "TVShowTimeApi.NetFramework", "TVShowTimeApi.NetFramework\TVShowTimeApi.NetFramework.csproj", "{2424B83D-DDA4-4691-9991-E3C2FDFE4FD2}"
EndProject
Project("{FAE04EC0-301F-11D3-BF4B-00C04F79EFBC}") = "TVShowTimeApi.UniversalWindows", "TVShowTimeApi.UniversalWindows\TVShowTimeApi.UniversalWindows.csproj", "{FD439AC4-D0D6-4453-B169-0FDF833E8E94}"
EndProject
Project("{FAE04EC0-301F-11D3-BF4B-00C04F79EFBC}") = "TVShowTimeApi.iOS", "TVShowTimeApi.iOS\TVShowTimeApi.iOS.csproj", "{BAD9A566-1635-4A9A-B2A4-4A98AAB3B9A9}"
EndProject
Project("{2150E333-8FDC-42A3-9474-1A3956D46DE8}") = "Samples", "Samples", "{C060B74F-6E72-4187-9C1B-F13BBDE0D06D}"
EndProject
Project("{FAE04EC0-301F-11D3-BF4B-00C04F79EFBC}") = "TVShowTimeApi.Samples.UniversalWindows", "TVShowTimeApi.Samples.UniversalWindows\TVShowTimeApi.Samples.UniversalWindows.csproj", "{AC431AFF-6AFC-4FC8-93C3-7ADEC44CD6A8}"
EndProject
Global
	GlobalSection(SolutionConfigurationPlatforms) = preSolution
		Debug|Any CPU = Debug|Any CPU
		Debug|ARM = Debug|ARM
		Debug|x64 = Debug|x64
		Debug|x86 = Debug|x86
		Release|Any CPU = Release|Any CPU
		Release|ARM = Release|ARM
		Release|x64 = Release|x64
		Release|x86 = Release|x86
	EndGlobalSection
	GlobalSection(ProjectConfigurationPlatforms) = postSolution
		{FD0E9F1A-5905-4B28-B54C-E714F314EF6A}.Debug|Any CPU.ActiveCfg = Debug|Any CPU
		{FD0E9F1A-5905-4B28-B54C-E714F314EF6A}.Debug|Any CPU.Build.0 = Debug|Any CPU
		{FD0E9F1A-5905-4B28-B54C-E714F314EF6A}.Debug|ARM.ActiveCfg = Debug|Any CPU
		{FD0E9F1A-5905-4B28-B54C-E714F314EF6A}.Debug|ARM.Build.0 = Debug|Any CPU
		{FD0E9F1A-5905-4B28-B54C-E714F314EF6A}.Debug|x64.ActiveCfg = Debug|Any CPU
		{FD0E9F1A-5905-4B28-B54C-E714F314EF6A}.Debug|x64.Build.0 = Debug|Any CPU
		{FD0E9F1A-5905-4B28-B54C-E714F314EF6A}.Debug|x86.ActiveCfg = Debug|Any CPU
		{FD0E9F1A-5905-4B28-B54C-E714F314EF6A}.Debug|x86.Build.0 = Debug|Any CPU
		{FD0E9F1A-5905-4B28-B54C-E714F314EF6A}.Release|Any CPU.ActiveCfg = Release|Any CPU
		{FD0E9F1A-5905-4B28-B54C-E714F314EF6A}.Release|Any CPU.Build.0 = Release|Any CPU
		{FD0E9F1A-5905-4B28-B54C-E714F314EF6A}.Release|ARM.ActiveCfg = Release|Any CPU
		{FD0E9F1A-5905-4B28-B54C-E714F314EF6A}.Release|ARM.Build.0 = Release|Any CPU
		{FD0E9F1A-5905-4B28-B54C-E714F314EF6A}.Release|x64.ActiveCfg = Release|Any CPU
		{FD0E9F1A-5905-4B28-B54C-E714F314EF6A}.Release|x64.Build.0 = Release|Any CPU
		{FD0E9F1A-5905-4B28-B54C-E714F314EF6A}.Release|x86.ActiveCfg = Release|Any CPU
		{FD0E9F1A-5905-4B28-B54C-E714F314EF6A}.Release|x86.Build.0 = Release|Any CPU
		{AC238BA0-7743-483A-BA8C-F29A8176B249}.Debug|Any CPU.ActiveCfg = Debug|Any CPU
		{AC238BA0-7743-483A-BA8C-F29A8176B249}.Debug|Any CPU.Build.0 = Debug|Any CPU
		{AC238BA0-7743-483A-BA8C-F29A8176B249}.Debug|ARM.ActiveCfg = Debug|Any CPU
		{AC238BA0-7743-483A-BA8C-F29A8176B249}.Debug|ARM.Build.0 = Debug|Any CPU
		{AC238BA0-7743-483A-BA8C-F29A8176B249}.Debug|x64.ActiveCfg = Debug|Any CPU
		{AC238BA0-7743-483A-BA8C-F29A8176B249}.Debug|x64.Build.0 = Debug|Any CPU
		{AC238BA0-7743-483A-BA8C-F29A8176B249}.Debug|x86.ActiveCfg = Debug|Any CPU
		{AC238BA0-7743-483A-BA8C-F29A8176B249}.Debug|x86.Build.0 = Debug|Any CPU
		{AC238BA0-7743-483A-BA8C-F29A8176B249}.Release|Any CPU.ActiveCfg = Release|Any CPU
		{AC238BA0-7743-483A-BA8C-F29A8176B249}.Release|Any CPU.Build.0 = Release|Any CPU
		{AC238BA0-7743-483A-BA8C-F29A8176B249}.Release|ARM.ActiveCfg = Release|Any CPU
		{AC238BA0-7743-483A-BA8C-F29A8176B249}.Release|ARM.Build.0 = Release|Any CPU
		{AC238BA0-7743-483A-BA8C-F29A8176B249}.Release|x64.ActiveCfg = Release|Any CPU
		{AC238BA0-7743-483A-BA8C-F29A8176B249}.Release|x64.Build.0 = Release|Any CPU
		{AC238BA0-7743-483A-BA8C-F29A8176B249}.Release|x86.ActiveCfg = Release|Any CPU
		{AC238BA0-7743-483A-BA8C-F29A8176B249}.Release|x86.Build.0 = Release|Any CPU
		{93EC31F6-B7E2-483F-8570-5CCCFD8F6AF0}.Debug|Any CPU.ActiveCfg = Debug|Any CPU
		{93EC31F6-B7E2-483F-8570-5CCCFD8F6AF0}.Debug|Any CPU.Build.0 = Debug|Any CPU
		{93EC31F6-B7E2-483F-8570-5CCCFD8F6AF0}.Debug|ARM.ActiveCfg = Debug|Any CPU
		{93EC31F6-B7E2-483F-8570-5CCCFD8F6AF0}.Debug|ARM.Build.0 = Debug|Any CPU
		{93EC31F6-B7E2-483F-8570-5CCCFD8F6AF0}.Debug|x64.ActiveCfg = Debug|Any CPU
		{93EC31F6-B7E2-483F-8570-5CCCFD8F6AF0}.Debug|x64.Build.0 = Debug|Any CPU
		{93EC31F6-B7E2-483F-8570-5CCCFD8F6AF0}.Debug|x86.ActiveCfg = Debug|Any CPU
		{93EC31F6-B7E2-483F-8570-5CCCFD8F6AF0}.Debug|x86.Build.0 = Debug|Any CPU
		{93EC31F6-B7E2-483F-8570-5CCCFD8F6AF0}.Release|Any CPU.ActiveCfg = Release|Any CPU
		{93EC31F6-B7E2-483F-8570-5CCCFD8F6AF0}.Release|Any CPU.Build.0 = Release|Any CPU
		{93EC31F6-B7E2-483F-8570-5CCCFD8F6AF0}.Release|ARM.ActiveCfg = Release|Any CPU
		{93EC31F6-B7E2-483F-8570-5CCCFD8F6AF0}.Release|ARM.Build.0 = Release|Any CPU
		{93EC31F6-B7E2-483F-8570-5CCCFD8F6AF0}.Release|x64.ActiveCfg = Release|Any CPU
		{93EC31F6-B7E2-483F-8570-5CCCFD8F6AF0}.Release|x64.Build.0 = Release|Any CPU
		{93EC31F6-B7E2-483F-8570-5CCCFD8F6AF0}.Release|x86.ActiveCfg = Release|Any CPU
		{93EC31F6-B7E2-483F-8570-5CCCFD8F6AF0}.Release|x86.Build.0 = Release|Any CPU
		{2424B83D-DDA4-4691-9991-E3C2FDFE4FD2}.Debug|Any CPU.ActiveCfg = Debug|Any CPU
		{2424B83D-DDA4-4691-9991-E3C2FDFE4FD2}.Debug|Any CPU.Build.0 = Debug|Any CPU
		{2424B83D-DDA4-4691-9991-E3C2FDFE4FD2}.Debug|ARM.ActiveCfg = Debug|Any CPU
		{2424B83D-DDA4-4691-9991-E3C2FDFE4FD2}.Debug|ARM.Build.0 = Debug|Any CPU
		{2424B83D-DDA4-4691-9991-E3C2FDFE4FD2}.Debug|x64.ActiveCfg = Debug|Any CPU
		{2424B83D-DDA4-4691-9991-E3C2FDFE4FD2}.Debug|x64.Build.0 = Debug|Any CPU
		{2424B83D-DDA4-4691-9991-E3C2FDFE4FD2}.Debug|x86.ActiveCfg = Debug|Any CPU
		{2424B83D-DDA4-4691-9991-E3C2FDFE4FD2}.Debug|x86.Build.0 = Debug|Any CPU
		{2424B83D-DDA4-4691-9991-E3C2FDFE4FD2}.Release|Any CPU.ActiveCfg = Release|Any CPU
		{2424B83D-DDA4-4691-9991-E3C2FDFE4FD2}.Release|Any CPU.Build.0 = Release|Any CPU
		{2424B83D-DDA4-4691-9991-E3C2FDFE4FD2}.Release|ARM.ActiveCfg = Release|Any CPU
		{2424B83D-DDA4-4691-9991-E3C2FDFE4FD2}.Release|ARM.Build.0 = Release|Any CPU
		{2424B83D-DDA4-4691-9991-E3C2FDFE4FD2}.Release|x64.ActiveCfg = Release|Any CPU
		{2424B83D-DDA4-4691-9991-E3C2FDFE4FD2}.Release|x64.Build.0 = Release|Any CPU
		{2424B83D-DDA4-4691-9991-E3C2FDFE4FD2}.Release|x86.ActiveCfg = Release|Any CPU
		{2424B83D-DDA4-4691-9991-E3C2FDFE4FD2}.Release|x86.Build.0 = Release|Any CPU
		{FD439AC4-D0D6-4453-B169-0FDF833E8E94}.Debug|Any CPU.ActiveCfg = Debug|Any CPU
		{FD439AC4-D0D6-4453-B169-0FDF833E8E94}.Debug|Any CPU.Build.0 = Debug|Any CPU
		{FD439AC4-D0D6-4453-B169-0FDF833E8E94}.Debug|ARM.ActiveCfg = Debug|ARM
		{FD439AC4-D0D6-4453-B169-0FDF833E8E94}.Debug|ARM.Build.0 = Debug|ARM
		{FD439AC4-D0D6-4453-B169-0FDF833E8E94}.Debug|x64.ActiveCfg = Debug|x64
		{FD439AC4-D0D6-4453-B169-0FDF833E8E94}.Debug|x64.Build.0 = Debug|x64
		{FD439AC4-D0D6-4453-B169-0FDF833E8E94}.Debug|x86.ActiveCfg = Debug|x86
		{FD439AC4-D0D6-4453-B169-0FDF833E8E94}.Debug|x86.Build.0 = Debug|x86
		{FD439AC4-D0D6-4453-B169-0FDF833E8E94}.Release|Any CPU.ActiveCfg = Release|Any CPU
		{FD439AC4-D0D6-4453-B169-0FDF833E8E94}.Release|Any CPU.Build.0 = Release|Any CPU
		{FD439AC4-D0D6-4453-B169-0FDF833E8E94}.Release|ARM.ActiveCfg = Release|ARM
		{FD439AC4-D0D6-4453-B169-0FDF833E8E94}.Release|ARM.Build.0 = Release|ARM
		{FD439AC4-D0D6-4453-B169-0FDF833E8E94}.Release|x64.ActiveCfg = Release|x64
		{FD439AC4-D0D6-4453-B169-0FDF833E8E94}.Release|x64.Build.0 = Release|x64
		{FD439AC4-D0D6-4453-B169-0FDF833E8E94}.Release|x86.ActiveCfg = Release|x86
		{FD439AC4-D0D6-4453-B169-0FDF833E8E94}.Release|x86.Build.0 = Release|x86
		{BAD9A566-1635-4A9A-B2A4-4A98AAB3B9A9}.Debug|Any CPU.ActiveCfg = Debug|Any CPU
		{BAD9A566-1635-4A9A-B2A4-4A98AAB3B9A9}.Debug|Any CPU.Build.0 = Debug|Any CPU
		{BAD9A566-1635-4A9A-B2A4-4A98AAB3B9A9}.Debug|ARM.ActiveCfg = Debug|Any CPU
		{BAD9A566-1635-4A9A-B2A4-4A98AAB3B9A9}.Debug|ARM.Build.0 = Debug|Any CPU
		{BAD9A566-1635-4A9A-B2A4-4A98AAB3B9A9}.Debug|x64.ActiveCfg = Debug|Any CPU
		{BAD9A566-1635-4A9A-B2A4-4A98AAB3B9A9}.Debug|x64.Build.0 = Debug|Any CPU
		{BAD9A566-1635-4A9A-B2A4-4A98AAB3B9A9}.Debug|x86.ActiveCfg = Debug|Any CPU
		{BAD9A566-1635-4A9A-B2A4-4A98AAB3B9A9}.Debug|x86.Build.0 = Debug|Any CPU
		{BAD9A566-1635-4A9A-B2A4-4A98AAB3B9A9}.Release|Any CPU.ActiveCfg = Release|Any CPU
		{BAD9A566-1635-4A9A-B2A4-4A98AAB3B9A9}.Release|Any CPU.Build.0 = Release|Any CPU
		{BAD9A566-1635-4A9A-B2A4-4A98AAB3B9A9}.Release|ARM.ActiveCfg = Release|Any CPU
		{BAD9A566-1635-4A9A-B2A4-4A98AAB3B9A9}.Release|ARM.Build.0 = Release|Any CPU
		{BAD9A566-1635-4A9A-B2A4-4A98AAB3B9A9}.Release|x64.ActiveCfg = Release|Any CPU
		{BAD9A566-1635-4A9A-B2A4-4A98AAB3B9A9}.Release|x64.Build.0 = Release|Any CPU
		{BAD9A566-1635-4A9A-B2A4-4A98AAB3B9A9}.Release|x86.ActiveCfg = Release|Any CPU
		{BAD9A566-1635-4A9A-B2A4-4A98AAB3B9A9}.Release|x86.Build.0 = Release|Any CPU
		{AC431AFF-6AFC-4FC8-93C3-7ADEC44CD6A8}.Debug|Any CPU.ActiveCfg = Debug|x86
		{AC431AFF-6AFC-4FC8-93C3-7ADEC44CD6A8}.Debug|ARM.ActiveCfg = Debug|ARM
		{AC431AFF-6AFC-4FC8-93C3-7ADEC44CD6A8}.Debug|ARM.Build.0 = Debug|ARM
		{AC431AFF-6AFC-4FC8-93C3-7ADEC44CD6A8}.Debug|ARM.Deploy.0 = Debug|ARM
		{AC431AFF-6AFC-4FC8-93C3-7ADEC44CD6A8}.Debug|x64.ActiveCfg = Debug|x64
		{AC431AFF-6AFC-4FC8-93C3-7ADEC44CD6A8}.Debug|x64.Build.0 = Debug|x64
		{AC431AFF-6AFC-4FC8-93C3-7ADEC44CD6A8}.Debug|x64.Deploy.0 = Debug|x64
		{AC431AFF-6AFC-4FC8-93C3-7ADEC44CD6A8}.Debug|x86.ActiveCfg = Debug|x86
		{AC431AFF-6AFC-4FC8-93C3-7ADEC44CD6A8}.Debug|x86.Build.0 = Debug|x86
		{AC431AFF-6AFC-4FC8-93C3-7ADEC44CD6A8}.Debug|x86.Deploy.0 = Debug|x86
		{AC431AFF-6AFC-4FC8-93C3-7ADEC44CD6A8}.Release|Any CPU.ActiveCfg = Release|x86
		{AC431AFF-6AFC-4FC8-93C3-7ADEC44CD6A8}.Release|ARM.ActiveCfg = Release|ARM
		{AC431AFF-6AFC-4FC8-93C3-7ADEC44CD6A8}.Release|ARM.Build.0 = Release|ARM
		{AC431AFF-6AFC-4FC8-93C3-7ADEC44CD6A8}.Release|ARM.Deploy.0 = Release|ARM
		{AC431AFF-6AFC-4FC8-93C3-7ADEC44CD6A8}.Release|x64.ActiveCfg = Release|x64
		{AC431AFF-6AFC-4FC8-93C3-7ADEC44CD6A8}.Release|x64.Build.0 = Release|x64
		{AC431AFF-6AFC-4FC8-93C3-7ADEC44CD6A8}.Release|x64.Deploy.0 = Release|x64
		{AC431AFF-6AFC-4FC8-93C3-7ADEC44CD6A8}.Release|x86.ActiveCfg = Release|x86
		{AC431AFF-6AFC-4FC8-93C3-7ADEC44CD6A8}.Release|x86.Build.0 = Release|x86
		{AC431AFF-6AFC-4FC8-93C3-7ADEC44CD6A8}.Release|x86.Deploy.0 = Release|x86
	EndGlobalSection
	GlobalSection(SolutionProperties) = preSolution
		HideSolutionNode = FALSE
	EndGlobalSection
	GlobalSection(NestedProjects) = preSolution
		{FD0E9F1A-5905-4B28-B54C-E714F314EF6A} = {C1045C36-4BC9-4802-9D7E-B5EDBB662888}
		{AC238BA0-7743-483A-BA8C-F29A8176B249} = {C1045C36-4BC9-4802-9D7E-B5EDBB662888}
		{93EC31F6-B7E2-483F-8570-5CCCFD8F6AF0} = {C1045C36-4BC9-4802-9D7E-B5EDBB662888}
		{2424B83D-DDA4-4691-9991-E3C2FDFE4FD2} = {6C4BE5D7-3646-4BD1-B8B6-68FAE2E9CC0E}
		{FD439AC4-D0D6-4453-B169-0FDF833E8E94} = {6C4BE5D7-3646-4BD1-B8B6-68FAE2E9CC0E}
		{BAD9A566-1635-4A9A-B2A4-4A98AAB3B9A9} = {6C4BE5D7-3646-4BD1-B8B6-68FAE2E9CC0E}
		{AC431AFF-6AFC-4FC8-93C3-7ADEC44CD6A8} = {C060B74F-6E72-4187-9C1B-F13BBDE0D06D}
	EndGlobalSection
EndGlobal
